
Microsoft Visual Studio Solution File, Format Version 12.00
# Visual Studio 15
VisualStudioVersion = 15.0.27428.2015
MinimumVisualStudioVersion = 10.0.40219.1
Project("{FAE04EC0-301F-11D3-BF4B-00C04F79EFBC}") = "MyAdo.Net", "MyAdo.Net\MyAdo.Net.csproj", "{4EDCD9FD-199C-4B03-B060-764262F84905}"
EndProject
Global
	GlobalSection(SolutionConfigurationPlatforms) = preSolution
		Debug|Any CPU = Debug|Any CPU
		Release|Any CPU = Release|Any CPU
	EndGlobalSection
	GlobalSection(ProjectConfigurationPlatforms) = postSolution
		{4EDCD9FD-199C-4B03-B060-764262F84905}.Debug|Any CPU.ActiveCfg = Debug|Any CPU
		{4EDCD9FD-199C-4B03-B060-764262F84905}.Debug|Any CPU.Build.0 = Debug|Any CPU
		{4EDCD9FD-199C-4B03-B060-764262F84905}.Release|Any CPU.ActiveCfg = Release|Any CPU
		{4EDCD9FD-199C-4B03-B060-764262F84905}.Release|Any CPU.Build.0 = Release|Any CPU
	EndGlobalSection
	GlobalSection(SolutionProperties) = preSolution
		HideSolutionNode = FALSE
	EndGlobalSection
	GlobalSection(ExtensibilityGlobals) = postSolution
		SolutionGuid = {1FB2C178-7816-424D-8B64-83718580CBCE}
	EndGlobalSection
EndGlobal
